
Microsoft Visual Studio Solution File, Format Version 12.00
# Visual Studio Version 16
VisualStudioVersion = 16.0.32002.261
MinimumVisualStudioVersion = 10.0.40219.1
Project("{FAE04EC0-301F-11D3-BF4B-00C04F79EFBC}") = "Calculator", "Calculator\Calculator.csproj", "{B68EDE1A-62D5-470F-830E-8A711872BD17}"
EndProject
Project("{FAE04EC0-301F-11D3-BF4B-00C04F79EFBC}") = "Calculator.Tests", "Tests\Calculator.Tests\Calculator.Tests.csproj", "{4663FB84-7EFB-4C9A-9E46-F8B233D82F1B}"
EndProject
Global
	GlobalSection(SolutionConfigurationPlatforms) = preSolution
		Debug|Any CPU = Debug|Any CPU
		Release|Any CPU = Release|Any CPU
	EndGlobalSection
	GlobalSection(ProjectConfigurationPlatforms) = postSolution
		{B68EDE1A-62D5-470F-830E-8A711872BD17}.Debug|Any CPU.ActiveCfg = Debug|Any CPU
		{B68EDE1A-62D5-470F-830E-8A711872BD17}.Debug|Any CPU.Build.0 = Debug|Any CPU
		{B68EDE1A-62D5-470F-830E-8A711872BD17}.Release|Any CPU.ActiveCfg = Release|Any CPU
		{B68EDE1A-62D5-470F-830E-8A711872BD17}.Release|Any CPU.Build.0 = Release|Any CPU
		{4663FB84-7EFB-4C9A-9E46-F8B233D82F1B}.Debug|Any CPU.ActiveCfg = Debug|Any CPU
		{4663FB84-7EFB-4C9A-9E46-F8B233D82F1B}.Debug|Any CPU.Build.0 = Debug|Any CPU
		{4663FB84-7EFB-4C9A-9E46-F8B233D82F1B}.Release|Any CPU.ActiveCfg = Release|Any CPU
		{4663FB84-7EFB-4C9A-9E46-F8B233D82F1B}.Release|Any CPU.Build.0 = Release|Any CPU
	EndGlobalSection
	GlobalSection(SolutionProperties) = preSolution
		HideSolutionNode = FALSE
	EndGlobalSection
	GlobalSection(ExtensibilityGlobals) = postSolution
		SolutionGuid = {3D61EEE5-067B-485C-B45F-C8FF1C4A3FC4}
	EndGlobalSection
EndGlobal
